// !$*UTF8*$!
{
	archiveVersion = 1;
	classes = {
	};
	objectVersion = 77;
	objects = {

/* Begin PBXBuildFile section */
		D402B96C2EEFC8FC0039F8DA /* RevenueCat in Frameworks */ = {isa = PBXBuildFile; productRef = D402B96B2EEFC8FC0039F8DA /* RevenueCat */; };
		D402B96E2EEFC8FC0039F8DA /* RevenueCatUI in Frameworks */ = {isa = PBXBuildFile; productRef = D402B96D2EEFC8FC0039F8DA /* RevenueCatUI */; };
		D402B97D2EF265330039F8DA /* OneSignalNotificationServiceExtension.appex in Embed Foundation Extensions */ = {isa = PBXBuildFile; fileRef = D402B9762EF265330039F8DA /* OneSignalNotificationServiceExtension.appex */; settings = {ATTRIBUTES = (RemoveHeadersOnCopy, ); }; };
		D402B9862EF267310039F8DA /* OneSignalExtension in Frameworks */ = {isa = PBXBuildFile; productRef = D402B9852EF267310039F8DA /* OneSignalExtension */; };
		D402B9882EF267310039F8DA /* OneSignalFramework in Frameworks */ = {isa = PBXBuildFile; productRef = D402B9872EF267310039F8DA /* OneSignalFramework */; };
		D402B98A2EF267310039F8DA /* OneSignalInAppMessages in Frameworks */ = {isa = PBXBuildFile; productRef = D402B9892EF267310039F8DA /* OneSignalInAppMessages */; };
		D402B99E2EF67EC20039F8DA /* WidgetKit.framework in Frameworks */ = {isa = PBXBuildFile; fileRef = D402B99D2EF67EC20039F8DA /* WidgetKit.framework */; };
		D402B9A02EF67EC20039F8DA /* SwiftUI.framework in Frameworks */ = {isa = PBXBuildFile; fileRef = D402B99F2EF67EC20039F8DA /* SwiftUI.framework */; };
		D402B9B12EF67EC30039F8DA /* OneSignalWidgetExtension.appex in Embed Foundation Extensions */ = {isa = PBXBuildFile; fileRef = D402B99B2EF67EC20039F8DA /* OneSignalWidgetExtension.appex */; settings = {ATTRIBUTES = (RemoveHeadersOnCopy, ); }; };
		D402B9B72EF67FDB0039F8DA /* OneSignalFramework in Frameworks */ = {isa = PBXBuildFile; productRef = D402B9B62EF67FDB0039F8DA /* OneSignalFramework */; };
		D4A39EA72EE3EBED007FF4D8 /* FirebaseAnalytics in Frameworks */ = {isa = PBXBuildFile; productRef = D4A39EA62EE3EBED007FF4D8 /* FirebaseAnalytics */; };
		D4A39EA92EE3EBED007FF4D8 /* FirebaseAuth in Frameworks */ = {isa = PBXBuildFile; productRef = D4A39EA82EE3EBED007FF4D8 /* FirebaseAuth */; };
		D4A39EAB2EE3EBED007FF4D8 /* FirebaseFirestore in Frameworks */ = {isa = PBXBuildFile; productRef = D4A39EAA2EE3EBED007FF4D8 /* FirebaseFirestore */; };
		D4A39EAD2EE3EBED007FF4D8 /* FirebaseStorage in Frameworks */ = {isa = PBXBuildFile; productRef = D4A39EAC2EE3EBED007FF4D8 /* FirebaseStorage */; };
/* End PBXBuildFile section */

/* Begin PBXContainerItemProxy section */
		D402B97B2EF265330039F8DA /* PBXContainerItemProxy */ = {
			isa = PBXContainerItemProxy;
			containerPortal = D4A39E852EE29C04007FF4D8 /* Project object */;
			proxyType = 1;
			remoteGlobalIDString = D402B9752EF265330039F8DA;
			remoteInfo = OneSignalNotificationServiceExtension;
		};
		D402B9AF2EF67EC30039F8DA /* PBXContainerItemProxy */ = {
			isa = PBXContainerItemProxy;
			containerPortal = D4A39E852EE29C04007FF4D8 /* Project object */;
			proxyType = 1;
			remoteGlobalIDString = D402B99A2EF67EC20039F8DA;
			remoteInfo = OneSignalWidgetExtension;
		};
/* End PBXContainerItemProxy section */

/* Begin PBXCopyFilesBuildPhase section */
		D402B9822EF265330039F8DA /* Embed Foundation Extensions */ = {
			isa = PBXCopyFilesBuildPhase;
			buildActionMask = 2147483647;
			dstPath = "";
			dstSubfolderSpec = 13;
			files = (
				D402B97D2EF265330039F8DA /* OneSignalNotificationServiceExtension.appex in Embed Foundation Extensions */,
				D402B9B12EF67EC30039F8DA /* OneSignalWidgetExtension.appex in Embed Foundation Extensions */,
			);
			name = "Embed Foundation Extensions";
			runOnlyForDeploymentPostprocessing = 0;
		};
/* End PBXCopyFilesBuildPhase section */

/* Begin PBXFileReference section */
		D402B9762EF265330039F8DA /* OneSignalNotificationServiceExtension.appex */ = {isa = PBXFileReference; explicitFileType = "wrapper.app-extension"; includeInIndex = 0; path = OneSignalNotificationServiceExtension.appex; sourceTree = BUILT_PRODUCTS_DIR; };
		D402B99B2EF67EC20039F8DA /* OneSignalWidgetExtension.appex */ = {isa = PBXFileReference; explicitFileType = "wrapper.app-extension"; includeInIndex = 0; path = OneSignalWidgetExtension.appex; sourceTree = BUILT_PRODUCTS_DIR; };
		D402B99D2EF67EC20039F8DA /* WidgetKit.framework */ = {isa = PBXFileReference; lastKnownFileType = wrapper.framework; name = WidgetKit.framework; path = System/Library/Frameworks/WidgetKit.framework; sourceTree = SDKROOT; };
		D402B99F2EF67EC20039F8DA /* SwiftUI.framework */ = {isa = PBXFileReference; lastKnownFileType = wrapper.framework; name = SwiftUI.framework; path = System/Library/Frameworks/SwiftUI.framework; sourceTree = SDKROOT; };
		D4A39E8D2EE29C04007FF4D8 /* Khutbah Notes AI.app */ = {isa = PBXFileReference; explicitFileType = wrapper.application; includeInIndex = 0; path = "Khutbah Notes AI.app"; sourceTree = BUILT_PRODUCTS_DIR; };
/* End PBXFileReference section */

/* Begin PBXFileSystemSynchronizedBuildFileExceptionSet section */
		D402B97E2EF265330039F8DA /* Exceptions for "OneSignalNotificationServiceExtension" folder in "OneSignalNotificationServiceExtension" target */ = {
			isa = PBXFileSystemSynchronizedBuildFileExceptionSet;
			membershipExceptions = (
				Info.plist,
			);
			target = D402B9752EF265330039F8DA /* OneSignalNotificationServiceExtension */;
		};
		D402B9B22EF67EC30039F8DA /* Exceptions for "OneSignalWidget" folder in "OneSignalWidgetExtension" target */ = {
			isa = PBXFileSystemSynchronizedBuildFileExceptionSet;
			membershipExceptions = (
				Info.plist,
			);
			target = D402B99A2EF67EC20039F8DA /* OneSignalWidgetExtension */;
		};
		D402B9B92EF680E10039F8DA /* Exceptions for "OneSignalWidget" folder in "Khutbah Notes AI" target */ = {
			isa = PBXFileSystemSynchronizedBuildFileExceptionSet;
			membershipExceptions = (
				OneSignalWidgetLiveActivity.swift,
			);
			target = D4A39E8C2EE29C04007FF4D8 /* Khutbah Notes AI */;
		};
/* End PBXFileSystemSynchronizedBuildFileExceptionSet section */

/* Begin PBXFileSystemSynchronizedRootGroup section */
		D402B9772EF265330039F8DA /* OneSignalNotificationServiceExtension */ = {
			isa = PBXFileSystemSynchronizedRootGroup;
			exceptions = (
				D402B97E2EF265330039F8DA /* Exceptions for "OneSignalNotificationServiceExtension" folder in "OneSignalNotificationServiceExtension" target */,
			);
			path = OneSignalNotificationServiceExtension;
			sourceTree = "<group>";
		};
		D402B9A12EF67EC20039F8DA /* OneSignalWidget */ = {
			isa = PBXFileSystemSynchronizedRootGroup;
			exceptions = (
				D402B9B92EF680E10039F8DA /* Exceptions for "OneSignalWidget" folder in "Khutbah Notes AI" target */,
				D402B9B22EF67EC30039F8DA /* Exceptions for "OneSignalWidget" folder in "OneSignalWidgetExtension" target */,
			);
			path = OneSignalWidget;
			sourceTree = "<group>";
		};
		D4A39E8F2EE29C04007FF4D8 /* Khutbah Notes AI */ = {
			isa = PBXFileSystemSynchronizedRootGroup;
			path = "Khutbah Notes AI";
			sourceTree = "<group>";
		};
/* End PBXFileSystemSynchronizedRootGroup section */

/* Begin PBXFrameworksBuildPhase section */
		D402B9732EF265330039F8DA /* Frameworks */ = {
			isa = PBXFrameworksBuildPhase;
			buildActionMask = 2147483647;
			files = (
				D402B9862EF267310039F8DA /* OneSignalExtension in Frameworks */,
			);
			runOnlyForDeploymentPostprocessing = 0;
		};
		D402B9982EF67EC20039F8DA /* Frameworks */ = {
			isa = PBXFrameworksBuildPhase;
			buildActionMask = 2147483647;
			files = (
				D402B9A02EF67EC20039F8DA /* SwiftUI.framework in Frameworks */,
				D402B9B72EF67FDB0039F8DA /* OneSignalFramework in Frameworks */,
				D402B99E2EF67EC20039F8DA /* WidgetKit.framework in Frameworks */,
			);
			runOnlyForDeploymentPostprocessing = 0;
		};
		D4A39E8A2EE29C04007FF4D8 /* Frameworks */ = {
			isa = PBXFrameworksBuildPhase;
			buildActionMask = 2147483647;
			files = (
				D4A39EA72EE3EBED007FF4D8 /* FirebaseAnalytics in Frameworks */,
				D4A39EAD2EE3EBED007FF4D8 /* FirebaseStorage in Frameworks */,
				D402B9882EF267310039F8DA /* OneSignalFramework in Frameworks */,
				D402B96E2EEFC8FC0039F8DA /* RevenueCatUI in Frameworks */,
				D402B96C2EEFC8FC0039F8DA /* RevenueCat in Frameworks */,
				D4A39EA92EE3EBED007FF4D8 /* FirebaseAuth in Frameworks */,
				D402B98A2EF267310039F8DA /* OneSignalInAppMessages in Frameworks */,
				D4A39EAB2EE3EBED007FF4D8 /* FirebaseFirestore in Frameworks */,
			);
			runOnlyForDeploymentPostprocessing = 0;
		};
/* End PBXFrameworksBuildPhase section */

/* Begin PBXGroup section */
		D402B99C2EF67EC20039F8DA /* Frameworks */ = {
			isa = PBXGroup;
			children = (
				D402B99D2EF67EC20039F8DA /* WidgetKit.framework */,
				D402B99F2EF67EC20039F8DA /* SwiftUI.framework */,
			);
			name = Frameworks;
			sourceTree = "<group>";
		};
		D4A39E842EE29C04007FF4D8 = {
			isa = PBXGroup;
			children = (
				D4A39E8F2EE29C04007FF4D8 /* Khutbah Notes AI */,
				D402B9772EF265330039F8DA /* OneSignalNotificationServiceExtension */,
				D402B9A12EF67EC20039F8DA /* OneSignalWidget */,
				D402B99C2EF67EC20039F8DA /* Frameworks */,
				D4A39E8E2EE29C04007FF4D8 /* Products */,
			);
			sourceTree = "<group>";
		};
		D4A39E8E2EE29C04007FF4D8 /* Products */ = {
			isa = PBXGroup;
			children = (
				D4A39E8D2EE29C04007FF4D8 /* Khutbah Notes AI.app */,
				D402B9762EF265330039F8DA /* OneSignalNotificationServiceExtension.appex */,
				D402B99B2EF67EC20039F8DA /* OneSignalWidgetExtension.appex */,
			);
			name = Products;
			sourceTree = "<group>";
		};
/* End PBXGroup section */

/* Begin PBXNativeTarget section */
		D402B9752EF265330039F8DA /* OneSignalNotificationServiceExtension */ = {
			isa = PBXNativeTarget;
			buildConfigurationList = D402B97F2EF265330039F8DA /* Build configuration list for PBXNativeTarget "OneSignalNotificationServiceExtension" */;
			buildPhases = (
				D402B9722EF265330039F8DA /* Sources */,
				D402B9732EF265330039F8DA /* Frameworks */,
				D402B9742EF265330039F8DA /* Resources */,
			);
			buildRules = (
			);
			dependencies = (
			);
			fileSystemSynchronizedGroups = (
				D402B9772EF265330039F8DA /* OneSignalNotificationServiceExtension */,
			);
			name = OneSignalNotificationServiceExtension;
			packageProductDependencies = (
				D402B9852EF267310039F8DA /* OneSignalExtension */,
			);
			productName = OneSignalNotificationServiceExtension;
			productReference = D402B9762EF265330039F8DA /* OneSignalNotificationServiceExtension.appex */;
			productType = "com.apple.product-type.app-extension";
		};
		D402B99A2EF67EC20039F8DA /* OneSignalWidgetExtension */ = {
			isa = PBXNativeTarget;
			buildConfigurationList = D402B9B32EF67EC30039F8DA /* Build configuration list for PBXNativeTarget "OneSignalWidgetExtension" */;
			buildPhases = (
				D402B9972EF67EC20039F8DA /* Sources */,
				D402B9982EF67EC20039F8DA /* Frameworks */,
				D402B9992EF67EC20039F8DA /* Resources */,
			);
			buildRules = (
			);
			dependencies = (
			);
			fileSystemSynchronizedGroups = (
				D402B9A12EF67EC20039F8DA /* OneSignalWidget */,
			);
			name = OneSignalWidgetExtension;
			packageProductDependencies = (
				D402B9B62EF67FDB0039F8DA /* OneSignalFramework */,
			);
			productName = OneSignalWidgetExtension;
			productReference = D402B99B2EF67EC20039F8DA /* OneSignalWidgetExtension.appex */;
			productType = "com.apple.product-type.app-extension";
		};
		D4A39E8C2EE29C04007FF4D8 /* Khutbah Notes AI */ = {
			isa = PBXNativeTarget;
			buildConfigurationList = D4A39E982EE29C06007FF4D8 /* Build configuration list for PBXNativeTarget "Khutbah Notes AI" */;
			buildPhases = (
				D4A39E892EE29C04007FF4D8 /* Sources */,
				D4A39E8A2EE29C04007FF4D8 /* Frameworks */,
				D4A39E8B2EE29C04007FF4D8 /* Resources */,
				D402B9822EF265330039F8DA /* Embed Foundation Extensions */,
			);
			buildRules = (
			);
			dependencies = (
				D402B97C2EF265330039F8DA /* PBXTargetDependency */,
				D402B9B02EF67EC30039F8DA /* PBXTargetDependency */,
			);
			fileSystemSynchronizedGroups = (
				D4A39E8F2EE29C04007FF4D8 /* Khutbah Notes AI */,
			);
			name = "Khutbah Notes AI";
			packageProductDependencies = (
				D4A39EA62EE3EBED007FF4D8 /* FirebaseAnalytics */,
				D4A39EA82EE3EBED007FF4D8 /* FirebaseAuth */,
				D4A39EAA2EE3EBED007FF4D8 /* FirebaseFirestore */,
				D4A39EAC2EE3EBED007FF4D8 /* FirebaseStorage */,
				D402B96B2EEFC8FC0039F8DA /* RevenueCat */,
				D402B96D2EEFC8FC0039F8DA /* RevenueCatUI */,
				D402B9872EF267310039F8DA /* OneSignalFramework */,
				D402B9892EF267310039F8DA /* OneSignalInAppMessages */,
			);
			productName = "Khutbah Notes AI";
			productReference = D4A39E8D2EE29C04007FF4D8 /* Khutbah Notes AI.app */;
			productType = "com.apple.product-type.application";
		};
/* End PBXNativeTarget section */

/* Begin PBXProject section */
		D4A39E852EE29C04007FF4D8 /* Project object */ = {
			isa = PBXProject;
			attributes = {
				BuildIndependentTargetsInParallel = 1;
				LastSwiftUpdateCheck = 2600;
				LastUpgradeCheck = 2600;
				TargetAttributes = {
					D402B9752EF265330039F8DA = {
						CreatedOnToolsVersion = 26.0.1;
					};
					D402B99A2EF67EC20039F8DA = {
						CreatedOnToolsVersion = 26.0.1;
					};
					D4A39E8C2EE29C04007FF4D8 = {
						CreatedOnToolsVersion = 26.0.1;
					};
				};
			};
			buildConfigurationList = D4A39E882EE29C04007FF4D8 /* Build configuration list for PBXProject "Khutbah Notes AI" */;
			developmentRegion = en;
			hasScannedForEncodings = 0;
			knownRegions = (
				en,
				Base,
			);
			mainGroup = D4A39E842EE29C04007FF4D8;
			minimizedProjectReferenceProxies = 1;
			packageReferences = (
				D4A39EA52EE3EBED007FF4D8 /* XCRemoteSwiftPackageReference "firebase-ios-sdk" */,
				D402B96A2EEFC8FC0039F8DA /* XCRemoteSwiftPackageReference "purchases-ios-spm" */,
				D402B9842EF267310039F8DA /* XCRemoteSwiftPackageReference "OneSignal-iOS-SDK" */,
			);
			preferredProjectObjectVersion = 77;
			productRefGroup = D4A39E8E2EE29C04007FF4D8 /* Products */;
			projectDirPath = "";
			projectRoot = "";
			targets = (
				D4A39E8C2EE29C04007FF4D8 /* Khutbah Notes AI */,
				D402B9752EF265330039F8DA /* OneSignalNotificationServiceExtension */,
				D402B99A2EF67EC20039F8DA /* OneSignalWidgetExtension */,
			);
		};
/* End PBXProject section */

/* Begin PBXResourcesBuildPhase section */
		D402B9742EF265330039F8DA /* Resources */ = {
			isa = PBXResourcesBuildPhase;
			buildActionMask = 2147483647;
			files = (
			);
			runOnlyForDeploymentPostprocessing = 0;
		};
		D402B9992EF67EC20039F8DA /* Resources */ = {
			isa = PBXResourcesBuildPhase;
			buildActionMask = 2147483647;
			files = (
			);
			runOnlyForDeploymentPostprocessing = 0;
		};
		D4A39E8B2EE29C04007FF4D8 /* Resources */ = {
			isa = PBXResourcesBuildPhase;
			buildActionMask = 2147483647;
			files = (
			);
			runOnlyForDeploymentPostprocessing = 0;
		};
/* End PBXResourcesBuildPhase section */

/* Begin PBXSourcesBuildPhase section */
		D402B9722EF265330039F8DA /* Sources */ = {
			isa = PBXSourcesBuildPhase;
			buildActionMask = 2147483647;
			files = (
			);
			runOnlyForDeploymentPostprocessing = 0;
		};
		D402B9972EF67EC20039F8DA /* Sources */ = {
			isa = PBXSourcesBuildPhase;
			buildActionMask = 2147483647;
			files = (
			);
			runOnlyForDeploymentPostprocessing = 0;
		};
		D4A39E892EE29C04007FF4D8 /* Sources */ = {
			isa = PBXSourcesBuildPhase;
			buildActionMask = 2147483647;
			files = (
			);
			runOnlyForDeploymentPostprocessing = 0;
		};
/* End PBXSourcesBuildPhase section */

/* Begin PBXTargetDependency section */
		D402B97C2EF265330039F8DA /* PBXTargetDependency */ = {
			isa = PBXTargetDependency;
			target = D402B9752EF265330039F8DA /* OneSignalNotificationServiceExtension */;
			targetProxy = D402B97B2EF265330039F8DA /* PBXContainerItemProxy */;
		};
		D402B9B02EF67EC30039F8DA /* PBXTargetDependency */ = {
			isa = PBXTargetDependency;
			target = D402B99A2EF67EC20039F8DA /* OneSignalWidgetExtension */;
			targetProxy = D402B9AF2EF67EC30039F8DA /* PBXContainerItemProxy */;
		};
/* End PBXTargetDependency section */

/* Begin XCBuildConfiguration section */
		D402B9802EF265330039F8DA /* Debug */ = {
			isa = XCBuildConfiguration;
			buildSettings = {
				CODE_SIGN_ENTITLEMENTS = OneSignalNotificationServiceExtension/OneSignalNotificationServiceExtension.entitlements;
				CODE_SIGN_STYLE = Automatic;
				CURRENT_PROJECT_VERSION = 1;
				DEVELOPMENT_TEAM = 5JSRN468B7;
				GENERATE_INFOPLIST_FILE = YES;
				INFOPLIST_FILE = OneSignalNotificationServiceExtension/Info.plist;
				INFOPLIST_KEY_CFBundleDisplayName = OneSignalNotificationServiceExtension;
				INFOPLIST_KEY_NSHumanReadableCopyright = "";
				IPHONEOS_DEPLOYMENT_TARGET = 15.6;
				LD_RUNPATH_SEARCH_PATHS = (
					"$(inherited)",
					"@executable_path/Frameworks",
					"@executable_path/../../Frameworks",
				);
				MARKETING_VERSION = 1.0;
				PRODUCT_BUNDLE_IDENTIFIER = "com.medswipeapp.Khutbah-Notes-AI.OneSignalNotificationServiceExtension";
				PRODUCT_NAME = "$(TARGET_NAME)";
				SDKROOT = iphoneos;
				SKIP_INSTALL = YES;
				STRING_CATALOG_GENERATE_SYMBOLS = YES;
				SWIFT_APPROACHABLE_CONCURRENCY = YES;
				SWIFT_EMIT_LOC_STRINGS = YES;
				SWIFT_UPCOMING_FEATURE_MEMBER_IMPORT_VISIBILITY = YES;
				SWIFT_VERSION = 5.0;
				TARGETED_DEVICE_FAMILY = "1,2";
			};
			name = Debug;
		};
		D402B9812EF265330039F8DA /* Release */ = {
			isa = XCBuildConfiguration;
			buildSettings = {
				CODE_SIGN_ENTITLEMENTS = OneSignalNotificationServiceExtension/OneSignalNotificationServiceExtension.entitlements;
				CODE_SIGN_STYLE = Automatic;
				CURRENT_PROJECT_VERSION = 1;
				DEVELOPMENT_TEAM = 5JSRN468B7;
				GENERATE_INFOPLIST_FILE = YES;
				INFOPLIST_FILE = OneSignalNotificationServiceExtension/Info.plist;
				INFOPLIST_KEY_CFBundleDisplayName = OneSignalNotificationServiceExtension;
				INFOPLIST_KEY_NSHumanReadableCopyright = "";
				IPHONEOS_DEPLOYMENT_TARGET = 15.6;
				LD_RUNPATH_SEARCH_PATHS = (
					"$(inherited)",
					"@executable_path/Frameworks",
					"@executable_path/../../Frameworks",
				);
				MARKETING_VERSION = 1.0;
				PRODUCT_BUNDLE_IDENTIFIER = "com.medswipeapp.Khutbah-Notes-AI.OneSignalNotificationServiceExtension";
				PRODUCT_NAME = "$(TARGET_NAME)";
				SDKROOT = iphoneos;
				SKIP_INSTALL = YES;
				STRING_CATALOG_GENERATE_SYMBOLS = YES;
				SWIFT_APPROACHABLE_CONCURRENCY = YES;
				SWIFT_EMIT_LOC_STRINGS = YES;
				SWIFT_UPCOMING_FEATURE_MEMBER_IMPORT_VISIBILITY = YES;
				SWIFT_VERSION = 5.0;
				TARGETED_DEVICE_FAMILY = "1,2";
				VALIDATE_PRODUCT = YES;
			};
			name = Release;
		};
		D402B9B42EF67EC30039F8DA /* Debug */ = {
			isa = XCBuildConfiguration;
			buildSettings = {
				ASSETCATALOG_COMPILER_GLOBAL_ACCENT_COLOR_NAME = AccentColor;
				ASSETCATALOG_COMPILER_WIDGET_BACKGROUND_COLOR_NAME = WidgetBackground;
				CODE_SIGN_STYLE = Automatic;
				CURRENT_PROJECT_VERSION = 1;
				DEVELOPMENT_TEAM = 5JSRN468B7;
				GENERATE_INFOPLIST_FILE = YES;
				INFOPLIST_FILE = OneSignalWidget/Info.plist;
				INFOPLIST_KEY_CFBundleDisplayName = OneSignalWidget;
				INFOPLIST_KEY_NSHumanReadableCopyright = "";
				IPHONEOS_DEPLOYMENT_TARGET = 18.6;
				LD_RUNPATH_SEARCH_PATHS = (
					"$(inherited)",
					"@executable_path/Frameworks",
					"@executable_path/../../Frameworks",
				);
				MARKETING_VERSION = 1.0;
				PRODUCT_BUNDLE_IDENTIFIER = "com.medswipeapp.Khutbah-Notes-AI.OneSignalWidget";
				PRODUCT_NAME = "$(TARGET_NAME)";
				SDKROOT = iphoneos;
				SKIP_INSTALL = YES;
				STRING_CATALOG_GENERATE_SYMBOLS = YES;
				SWIFT_APPROACHABLE_CONCURRENCY = YES;
				SWIFT_EMIT_LOC_STRINGS = YES;
				SWIFT_UPCOMING_FEATURE_MEMBER_IMPORT_VISIBILITY = YES;
				SWIFT_VERSION = 5.0;
				TARGETED_DEVICE_FAMILY = "1,2";
			};
			name = Debug;
		};
		D402B9B52EF67EC30039F8DA /* Release */ = {
			isa = XCBuildConfiguration;
			buildSettings = {
				ASSETCATALOG_COMPILER_GLOBAL_ACCENT_COLOR_NAME = AccentColor;
				ASSETCATALOG_COMPILER_WIDGET_BACKGROUND_COLOR_NAME = WidgetBackground;
				CODE_SIGN_STYLE = Automatic;
				CURRENT_PROJECT_VERSION = 1;
				DEVELOPMENT_TEAM = 5JSRN468B7;
				GENERATE_INFOPLIST_FILE = YES;
				INFOPLIST_FILE = OneSignalWidget/Info.plist;
				INFOPLIST_KEY_CFBundleDisplayName = OneSignalWidget;
				INFOPLIST_KEY_NSHumanReadableCopyright = "";
				IPHONEOS_DEPLOYMENT_TARGET = 18.6;
				LD_RUNPATH_SEARCH_PATHS = (
					"$(inherited)",
					"@executable_path/Frameworks",
					"@executable_path/../../Frameworks",
				);
				MARKETING_VERSION = 1.0;
				PRODUCT_BUNDLE_IDENTIFIER = "com.medswipeapp.Khutbah-Notes-AI.OneSignalWidget";
				PRODUCT_NAME = "$(TARGET_NAME)";
				SDKROOT = iphoneos;
				SKIP_INSTALL = YES;
				STRING_CATALOG_GENERATE_SYMBOLS = YES;
				SWIFT_APPROACHABLE_CONCURRENCY = YES;
				SWIFT_EMIT_LOC_STRINGS = YES;
				SWIFT_UPCOMING_FEATURE_MEMBER_IMPORT_VISIBILITY = YES;
				SWIFT_VERSION = 5.0;
				TARGETED_DEVICE_FAMILY = "1,2";
				VALIDATE_PRODUCT = YES;
			};
			name = Release;
		};
		D4A39E962EE29C06007FF4D8 /* Debug */ = {
			isa = XCBuildConfiguration;
			buildSettings = {
				ALWAYS_SEARCH_USER_PATHS = NO;
				ASSETCATALOG_COMPILER_GENERATE_SWIFT_ASSET_SYMBOL_EXTENSIONS = YES;
				CLANG_ANALYZER_NONNULL = YES;
				CLANG_ANALYZER_NUMBER_OBJECT_CONVERSION = YES_AGGRESSIVE;
				CLANG_CXX_LANGUAGE_STANDARD = "gnu++20";
				CLANG_ENABLE_MODULES = YES;
				CLANG_ENABLE_OBJC_ARC = YES;
				CLANG_ENABLE_OBJC_WEAK = YES;
				CLANG_WARN_BLOCK_CAPTURE_AUTORELEASING = YES;
				CLANG_WARN_BOOL_CONVERSION = YES;
				CLANG_WARN_COMMA = YES;
				CLANG_WARN_CONSTANT_CONVERSION = YES;
				CLANG_WARN_DEPRECATED_OBJC_IMPLEMENTATIONS = YES;
				CLANG_WARN_DIRECT_OBJC_ISA_USAGE = YES_ERROR;
				CLANG_WARN_DOCUMENTATION_COMMENTS = YES;
				CLANG_WARN_EMPTY_BODY = YES;
				CLANG_WARN_ENUM_CONVERSION = YES;
				CLANG_WARN_INFINITE_RECURSION = YES;
				CLANG_WARN_INT_CONVERSION = YES;
				CLANG_WARN_NON_LITERAL_NULL_CONVERSION = YES;
				CLANG_WARN_OBJC_IMPLICIT_RETAIN_SELF = YES;
				CLANG_WARN_OBJC_LITERAL_CONVERSION = YES;
				CLANG_WARN_OBJC_ROOT_CLASS = YES_ERROR;
				CLANG_WARN_QUOTED_INCLUDE_IN_FRAMEWORK_HEADER = YES;
				CLANG_WARN_RANGE_LOOP_ANALYSIS = YES;
				CLANG_WARN_STRICT_PROTOTYPES = YES;
				CLANG_WARN_SUSPICIOUS_MOVE = YES;
				CLANG_WARN_UNGUARDED_AVAILABILITY = YES_AGGRESSIVE;
				CLANG_WARN_UNREACHABLE_CODE = YES;
				CLANG_WARN__DUPLICATE_METHOD_MATCH = YES;
				COPY_PHASE_STRIP = NO;
				DEBUG_INFORMATION_FORMAT = dwarf;
				DEVELOPMENT_TEAM = 5JSRN468B7;
				ENABLE_STRICT_OBJC_MSGSEND = YES;
				ENABLE_TESTABILITY = YES;
				ENABLE_USER_SCRIPT_SANDBOXING = YES;
				GCC_C_LANGUAGE_STANDARD = gnu17;
				GCC_DYNAMIC_NO_PIC = NO;
				GCC_NO_COMMON_BLOCKS = YES;
				GCC_OPTIMIZATION_LEVEL = 0;
				GCC_PREPROCESSOR_DEFINITIONS = (
					"DEBUG=1",
					"$(inherited)",
				);
				GCC_WARN_64_TO_32_BIT_CONVERSION = YES;
				GCC_WARN_ABOUT_RETURN_TYPE = YES_ERROR;
				GCC_WARN_UNDECLARED_SELECTOR = YES;
				GCC_WARN_UNINITIALIZED_AUTOS = YES_AGGRESSIVE;
				GCC_WARN_UNUSED_FUNCTION = YES;
				GCC_WARN_UNUSED_VARIABLE = YES;
				LOCALIZATION_PREFERS_STRING_CATALOGS = YES;
				MTL_ENABLE_DEBUG_INFO = INCLUDE_SOURCE;
				MTL_FAST_MATH = YES;
				ONLY_ACTIVE_ARCH = YES;
				SWIFT_ACTIVE_COMPILATION_CONDITIONS = "DEBUG $(inherited)";
				SWIFT_OPTIMIZATION_LEVEL = "-Onone";
			};
			name = Debug;
		};
		D4A39E972EE29C06007FF4D8 /* Release */ = {
			isa = XCBuildConfiguration;
			buildSettings = {
				ALWAYS_SEARCH_USER_PATHS = NO;
				ASSETCATALOG_COMPILER_GENERATE_SWIFT_ASSET_SYMBOL_EXTENSIONS = YES;
				CLANG_ANALYZER_NONNULL = YES;
				CLANG_ANALYZER_NUMBER_OBJECT_CONVERSION = YES_AGGRESSIVE;
				CLANG_CXX_LANGUAGE_STANDARD = "gnu++20";
				CLANG_ENABLE_MODULES = YES;
				CLANG_ENABLE_OBJC_ARC = YES;
				CLANG_ENABLE_OBJC_WEAK = YES;
				CLANG_WARN_BLOCK_CAPTURE_AUTORELEASING = YES;
				CLANG_WARN_BOOL_CONVERSION = YES;
				CLANG_WARN_COMMA = YES;
				CLANG_WARN_CONSTANT_CONVERSION = YES;
				CLANG_WARN_DEPRECATED_OBJC_IMPLEMENTATIONS = YES;
				CLANG_WARN_DIRECT_OBJC_ISA_USAGE = YES_ERROR;
				CLANG_WARN_DOCUMENTATION_COMMENTS = YES;
				CLANG_WARN_EMPTY_BODY = YES;
				CLANG_WARN_ENUM_CONVERSION = YES;
				CLANG_WARN_INFINITE_RECURSION = YES;
				CLANG_WARN_INT_CONVERSION = YES;
				CLANG_WARN_NON_LITERAL_NULL_CONVERSION = YES;
				CLANG_WARN_OBJC_IMPLICIT_RETAIN_SELF = YES;
				CLANG_WARN_OBJC_LITERAL_CONVERSION = YES;
				CLANG_WARN_OBJC_ROOT_CLASS = YES_ERROR;
				CLANG_WARN_QUOTED_INCLUDE_IN_FRAMEWORK_HEADER = YES;
				CLANG_WARN_RANGE_LOOP_ANALYSIS = YES;
				CLANG_WARN_STRICT_PROTOTYPES = YES;
				CLANG_WARN_SUSPICIOUS_MOVE = YES;
				CLANG_WARN_UNGUARDED_AVAILABILITY = YES_AGGRESSIVE;
				CLANG_WARN_UNREACHABLE_CODE = YES;
				CLANG_WARN__DUPLICATE_METHOD_MATCH = YES;
				COPY_PHASE_STRIP = NO;
				DEBUG_INFORMATION_FORMAT = "dwarf-with-dsym";
				DEVELOPMENT_TEAM = 5JSRN468B7;
				ENABLE_NS_ASSERTIONS = NO;
				ENABLE_STRICT_OBJC_MSGSEND = YES;
				ENABLE_USER_SCRIPT_SANDBOXING = YES;
				GCC_C_LANGUAGE_STANDARD = gnu17;
				GCC_NO_COMMON_BLOCKS = YES;
				GCC_WARN_64_TO_32_BIT_CONVERSION = YES;
				GCC_WARN_ABOUT_RETURN_TYPE = YES_ERROR;
				GCC_WARN_UNDECLARED_SELECTOR = YES;
				GCC_WARN_UNINITIALIZED_AUTOS = YES_AGGRESSIVE;
				GCC_WARN_UNUSED_FUNCTION = YES;
				GCC_WARN_UNUSED_VARIABLE = YES;
				LOCALIZATION_PREFERS_STRING_CATALOGS = YES;
				MTL_ENABLE_DEBUG_INFO = NO;
				MTL_FAST_MATH = YES;
				SWIFT_COMPILATION_MODE = wholemodule;
			};
			name = Release;
		};
		D4A39E992EE29C06007FF4D8 /* Debug */ = {
			isa = XCBuildConfiguration;
			buildSettings = {
				ASSETCATALOG_COMPILER_APPICON_NAME = AppIcon;
				ASSETCATALOG_COMPILER_GLOBAL_ACCENT_COLOR_NAME = AccentColor;
				CODE_SIGN_ENTITLEMENTS = "Khutbah Notes AI/Khutbah Notes AI.entitlements";
				CODE_SIGN_STYLE = Automatic;
				CURRENT_PROJECT_VERSION = 3;
				DEVELOPMENT_TEAM = 5JSRN468B7;
				ENABLE_APP_SANDBOX = YES;
				ENABLE_HARDENED_RUNTIME = YES;
				ENABLE_PREVIEWS = YES;
				ENABLE_USER_SELECTED_FILES = readonly;
				GENERATE_INFOPLIST_FILE = YES;
				INFOPLIST_FILE = "Khutbah-Notes-AI-Info.plist";
				INFOPLIST_KEY_NSMicrophoneUsageDescription = "Khutbah Notes AI needs access to your microphone to record khutbahs.";
				INFOPLIST_KEY_NSSupportsLiveActivities = YES;
				"INFOPLIST_KEY_UIApplicationSceneManifest_Generation[sdk=iphoneos*]" = YES;
				"INFOPLIST_KEY_UIApplicationSceneManifest_Generation[sdk=iphonesimulator*]" = YES;
				"INFOPLIST_KEY_UIApplicationSupportsIndirectInputEvents[sdk=iphoneos*]" = YES;
				"INFOPLIST_KEY_UIApplicationSupportsIndirectInputEvents[sdk=iphonesimulator*]" = YES;
				"INFOPLIST_KEY_UILaunchScreen_Generation[sdk=iphoneos*]" = YES;
				"INFOPLIST_KEY_UILaunchScreen_Generation[sdk=iphonesimulator*]" = YES;
				"INFOPLIST_KEY_UIStatusBarStyle[sdk=iphoneos*]" = UIStatusBarStyleDefault;
				"INFOPLIST_KEY_UIStatusBarStyle[sdk=iphonesimulator*]" = UIStatusBarStyleDefault;
				INFOPLIST_KEY_UISupportedInterfaceOrientations_iPad = "UIInterfaceOrientationPortrait UIInterfaceOrientationPortraitUpsideDown UIInterfaceOrientationLandscapeLeft UIInterfaceOrientationLandscapeRight";
				INFOPLIST_KEY_UISupportedInterfaceOrientations_iPhone = "UIInterfaceOrientationPortrait UIInterfaceOrientationLandscapeLeft UIInterfaceOrientationLandscapeRight";
				IPHONEOS_DEPLOYMENT_TARGET = 15.6;
				LD_RUNPATH_SEARCH_PATHS = "@executable_path/Frameworks";
				"LD_RUNPATH_SEARCH_PATHS[sdk=macosx*]" = "@executable_path/../Frameworks";
				MACOSX_DEPLOYMENT_TARGET = 26.0;
				MARKETING_VERSION = 1.0;
				PRODUCT_BUNDLE_IDENTIFIER = "com.medswipeapp.Khutbah-Notes-AI";
				PRODUCT_NAME = "$(TARGET_NAME)";
				REGISTER_APP_GROUPS = YES;
				SDKROOT = auto;
				STRING_CATALOG_GENERATE_SYMBOLS = YES;
				SUPPORTED_PLATFORMS = "iphoneos iphonesimulator xros xrsimulator";
				SUPPORTS_MACCATALYST = NO;
				SWIFT_APPROACHABLE_CONCURRENCY = YES;
				SWIFT_DEFAULT_ACTOR_ISOLATION = MainActor;
				SWIFT_EMIT_LOC_STRINGS = YES;
				SWIFT_UPCOMING_FEATURE_MEMBER_IMPORT_VISIBILITY = YES;
				SWIFT_VERSION = 5.0;
				TARGETED_DEVICE_FAMILY = "1,2,7";
				XROS_DEPLOYMENT_TARGET = 26.0;
			};
			name = Debug;
		};
		D4A39E9A2EE29C06007FF4D8 /* Release */ = {
			isa = XCBuildConfiguration;
			buildSettings = {
				ASSETCATALOG_COMPILER_APPICON_NAME = AppIcon;
				ASSETCATALOG_COMPILER_GLOBAL_ACCENT_COLOR_NAME = AccentColor;
				CODE_SIGN_ENTITLEMENTS = "Khutbah Notes AI/Khutbah Notes AI.entitlements";
				CODE_SIGN_STYLE = Automatic;
				CURRENT_PROJECT_VERSION = 3;
				DEVELOPMENT_TEAM = 5JSRN468B7;
				ENABLE_APP_SANDBOX = YES;
				ENABLE_HARDENED_RUNTIME = YES;
				ENABLE_PREVIEWS = YES;
				ENABLE_USER_SELECTED_FILES = readonly;
				GENERATE_INFOPLIST_FILE = YES;
				INFOPLIST_FILE = "Khutbah-Notes-AI-Info.plist";
				INFOPLIST_KEY_NSMicrophoneUsageDescription = "Khutbah Notes AI needs access to your microphone to record khutbahs.";
				INFOPLIST_KEY_NSSupportsLiveActivities = YES;
				"INFOPLIST_KEY_UIApplicationSceneManifest_Generation[sdk=iphoneos*]" = YES;
				"INFOPLIST_KEY_UIApplicationSceneManifest_Generation[sdk=iphonesimulator*]" = YES;
				"INFOPLIST_KEY_UIApplicationSupportsIndirectInputEvents[sdk=iphoneos*]" = YES;
				"INFOPLIST_KEY_UIApplicationSupportsIndirectInputEvents[sdk=iphonesimulator*]" = YES;
				"INFOPLIST_KEY_UILaunchScreen_Generation[sdk=iphoneos*]" = YES;
				"INFOPLIST_KEY_UILaunchScreen_Generation[sdk=iphonesimulator*]" = YES;
				"INFOPLIST_KEY_UIStatusBarStyle[sdk=iphoneos*]" = UIStatusBarStyleDefault;
				"INFOPLIST_KEY_UIStatusBarStyle[sdk=iphonesimulator*]" = UIStatusBarStyleDefault;
				INFOPLIST_KEY_UISupportedInterfaceOrientations_iPad = "UIInterfaceOrientationPortrait UIInterfaceOrientationPortraitUpsideDown UIInterfaceOrientationLandscapeLeft UIInterfaceOrientationLandscapeRight";
				INFOPLIST_KEY_UISupportedInterfaceOrientations_iPhone = "UIInterfaceOrientationPortrait UIInterfaceOrientationLandscapeLeft UIInterfaceOrientationLandscapeRight";
				IPHONEOS_DEPLOYMENT_TARGET = 15.6;
				LD_RUNPATH_SEARCH_PATHS = "@executable_path/Frameworks";
				"LD_RUNPATH_SEARCH_PATHS[sdk=macosx*]" = "@executable_path/../Frameworks";
				MACOSX_DEPLOYMENT_TARGET = 26.0;
				MARKETING_VERSION = 1.0;
				PRODUCT_BUNDLE_IDENTIFIER = "com.medswipeapp.Khutbah-Notes-AI";
				PRODUCT_NAME = "$(TARGET_NAME)";
				REGISTER_APP_GROUPS = YES;
				SDKROOT = auto;
				STRING_CATALOG_GENERATE_SYMBOLS = YES;
				SUPPORTED_PLATFORMS = "iphoneos iphonesimulator xros xrsimulator";
				SUPPORTS_MACCATALYST = NO;
				SWIFT_APPROACHABLE_CONCURRENCY = YES;
				SWIFT_DEFAULT_ACTOR_ISOLATION = MainActor;
				SWIFT_EMIT_LOC_STRINGS = YES;
				SWIFT_UPCOMING_FEATURE_MEMBER_IMPORT_VISIBILITY = YES;
				SWIFT_VERSION = 5.0;
				TARGETED_DEVICE_FAMILY = "1,2,7";
				XROS_DEPLOYMENT_TARGET = 26.0;
			};
			name = Release;
		};
/* End XCBuildConfiguration section */

/* Begin XCConfigurationList section */
		D402B97F2EF265330039F8DA /* Build configuration list for PBXNativeTarget "OneSignalNotificationServiceExtension" */ = {
			isa = XCConfigurationList;
			buildConfigurations = (
				D402B9802EF265330039F8DA /* Debug */,
				D402B9812EF265330039F8DA /* Release */,
			);
			defaultConfigurationIsVisible = 0;
			defaultConfigurationName = Release;
		};
		D402B9B32EF67EC30039F8DA /* Build configuration list for PBXNativeTarget "OneSignalWidgetExtension" */ = {
			isa = XCConfigurationList;
			buildConfigurations = (
				D402B9B42EF67EC30039F8DA /* Debug */,
				D402B9B52EF67EC30039F8DA /* Release */,
			);
			defaultConfigurationIsVisible = 0;
			defaultConfigurationName = Release;
		};
		D4A39E882EE29C04007FF4D8 /* Build configuration list for PBXProject "Khutbah Notes AI" */ = {
			isa = XCConfigurationList;
			buildConfigurations = (
				D4A39E962EE29C06007FF4D8 /* Debug */,
				D4A39E972EE29C06007FF4D8 /* Release */,
			);
			defaultConfigurationIsVisible = 0;
			defaultConfigurationName = Release;
		};
		D4A39E982EE29C06007FF4D8 /* Build configuration list for PBXNativeTarget "Khutbah Notes AI" */ = {
			isa = XCConfigurationList;
			buildConfigurations = (
				D4A39E992EE29C06007FF4D8 /* Debug */,
				D4A39E9A2EE29C06007FF4D8 /* Release */,
			);
			defaultConfigurationIsVisible = 0;
			defaultConfigurationName = Release;
		};
/* End XCConfigurationList section */

/* Begin XCRemoteSwiftPackageReference section */
		D402B96A2EEFC8FC0039F8DA /* XCRemoteSwiftPackageReference "purchases-ios-spm" */ = {
			isa = XCRemoteSwiftPackageReference;
			repositoryURL = "https://github.com/RevenueCat/purchases-ios-spm.git";
			requirement = {
				kind = upToNextMajorVersion;
				minimumVersion = 5.50.1;
			};
		};
		D402B9842EF267310039F8DA /* XCRemoteSwiftPackageReference "OneSignal-iOS-SDK" */ = {
			isa = XCRemoteSwiftPackageReference;
			repositoryURL = "https://github.com/OneSignal/OneSignal-iOS-SDK";
			requirement = {
				kind = upToNextMajorVersion;
				minimumVersion = 5.2.15;
			};
		};
		D4A39EA52EE3EBED007FF4D8 /* XCRemoteSwiftPackageReference "firebase-ios-sdk" */ = {
			isa = XCRemoteSwiftPackageReference;
			repositoryURL = "https://github.com/firebase/firebase-ios-sdk";
			requirement = {
				kind = upToNextMajorVersion;
				minimumVersion = 12.6.0;
			};
		};
/* End XCRemoteSwiftPackageReference section */

/* Begin XCSwiftPackageProductDependency section */
		D402B96B2EEFC8FC0039F8DA /* RevenueCat */ = {
			isa = XCSwiftPackageProductDependency;
			package = D402B96A2EEFC8FC0039F8DA /* XCRemoteSwiftPackageReference "purchases-ios-spm" */;
			productName = RevenueCat;
		};
		D402B96D2EEFC8FC0039F8DA /* RevenueCatUI */ = {
			isa = XCSwiftPackageProductDependency;
			package = D402B96A2EEFC8FC0039F8DA /* XCRemoteSwiftPackageReference "purchases-ios-spm" */;
			productName = RevenueCatUI;
		};
		D402B9852EF267310039F8DA /* OneSignalExtension */ = {
			isa = XCSwiftPackageProductDependency;
			package = D402B9842EF267310039F8DA /* XCRemoteSwiftPackageReference "OneSignal-iOS-SDK" */;
			productName = OneSignalExtension;
		};
		D402B9872EF267310039F8DA /* OneSignalFramework */ = {
			isa = XCSwiftPackageProductDependency;
			package = D402B9842EF267310039F8DA /* XCRemoteSwiftPackageReference "OneSignal-iOS-SDK" */;
			productName = OneSignalFramework;
		};
		D402B9892EF267310039F8DA /* OneSignalInAppMessages */ = {
			isa = XCSwiftPackageProductDependency;
			package = D402B9842EF267310039F8DA /* XCRemoteSwiftPackageReference "OneSignal-iOS-SDK" */;
			productName = OneSignalInAppMessages;
		};
		D402B9B62EF67FDB0039F8DA /* OneSignalFramework */ = {
			isa = XCSwiftPackageProductDependency;
			package = D402B9842EF267310039F8DA /* XCRemoteSwiftPackageReference "OneSignal-iOS-SDK" */;
			productName = OneSignalFramework;
		};
		D4A39EA62EE3EBED007FF4D8 /* FirebaseAnalytics */ = {
			isa = XCSwiftPackageProductDependency;
			package = D4A39EA52EE3EBED007FF4D8 /* XCRemoteSwiftPackageReference "firebase-ios-sdk" */;
			productName = FirebaseAnalytics;
		};
		D4A39EA82EE3EBED007FF4D8 /* FirebaseAuth */ = {
			isa = XCSwiftPackageProductDependency;
			package = D4A39EA52EE3EBED007FF4D8 /* XCRemoteSwiftPackageReference "firebase-ios-sdk" */;
			productName = FirebaseAuth;
		};
		D4A39EAA2EE3EBED007FF4D8 /* FirebaseFirestore */ = {
			isa = XCSwiftPackageProductDependency;
			package = D4A39EA52EE3EBED007FF4D8 /* XCRemoteSwiftPackageReference "firebase-ios-sdk" */;
			productName = FirebaseFirestore;
		};
		D4A39EAC2EE3EBED007FF4D8 /* FirebaseStorage */ = {
			isa = XCSwiftPackageProductDependency;
			package = D4A39EA52EE3EBED007FF4D8 /* XCRemoteSwiftPackageReference "firebase-ios-sdk" */;
			productName = FirebaseStorage;
		};
/* End XCSwiftPackageProductDependency section */
	};
	rootObject = D4A39E852EE29C04007FF4D8 /* Project object */;
}
